github.com/lguibr/asciiring v0.0.0-20230807134012-b571572dd6ee h1:0bquhvHEcvSUx2ilNfxVCEc6O98i6BSmaRY5GZS/Gyo=
github.com/lguibr/asciiring v0.0.0-20230807134012-b571572dd6ee/go.mod h1:A+FmOeQRdjvQ01jO/6HLzouNOHdxgz+ZssFqHEHf6C0=
golang.org/x/net v0.6.0 h1:L4ZwwTvKW9gr0ZMS1yrHD9GZhIuVjOBBnaKH+SPQK0Q=
golang.org/x/net v0.6.0/go.mod h1:2Tu9+aMcznHK/AK1HMvgo6xiTLG5rD5rZLDS+rp2Bjs=
golang.org/x/sys v0.5.0 h1:MUK/U/4lj1t1oPg0HfuXDN/Z1wv31ZJ/YcPiGccS4DU=
golang.org/x/sys v0.5.0/go.mod h1:oPkhp1MJrh7nUepCBck5+mAzfO9JrbApNNgaTdGDITg=
